<?xml version="1.0" encoding="utf-8"?>
<Project ToolsVersion="4.0" xmlns="http://schemas.microsoft.com/developer/msbuild/2003">
  <ItemGroup>
    <Filter Include="Source Files">
      <UniqueIdentifier>{4FC737F1-C7A5-4376-A066-2A32D752A2FF}</UniqueIdentifier>
      <Extensions>cpp;c;cc;cxx;def;odl;idl;hpj;bat;asm;asmx</Extensions>
    </Filter>
    <Filter Include="Header Files">
      <UniqueIdentifier>{93995380-89BD-4b04-88EB-625FBE52EBFB}</UniqueIdentifier>
      <Extensions>h;hh;hpp;hxx;hm;inl;inc;xsd</Extensions>
    </Filter>
    <Filter Include="Resource Files">
      <UniqueIdentifier>{67DA6AB6-F800-4c08-8B7A-83BB121AAD01}</UniqueIdentifier>
      <Extensions>rc;ico;cur;bmp;dlg;rc2;rct;bin;rgs;gif;jpg;jpeg;jpe;resx;tiff;tif;png;wav;mfcribbon-ms</Extensions>
    </Filter>
    <Filter Include="Header Files\helper">
      <UniqueIdentifier>{ee7e9fcb-3f42-4c36-9138-0047a23dd5bf}</UniqueIdentifier>
    </Filter>
    <Filter Include="Source Files\helper">
      <UniqueIdentifier>{f032d401-e2ed-4d5b-af7f-e78779063c77}</UniqueIdentifier>
    </Filter>
    <Filter Include="Header Files\model">
      <UniqueIdentifier>{fe9689fd-e325-4c5c-a217-883b9c9e3451}</UniqueIdentifier>
    </Filter>
    <Filter Include="Header Files\model\algorithms-MST">
      <UniqueIdentifier>{252cce1c-adf4-4842-900a-dc13a892cade}</UniqueIdentifier>
    </Filter>
    <Filter Include="Header Files\model\algorithms-MST\impl">
      <UniqueIdentifier>{18c3ef8d-05c7-4a9f-9d2b-e5cee35a3117}</UniqueIdentifier>
    </Filter>
    <Filter Include="Header Files\model\algorithms-spath">
      <UniqueIdentifier>{049ccd8a-8847-4be8-9842-7464ffacf3c4}</UniqueIdentifier>
    </Filter>
    <Filter Include="Header Files\model\algorithms-spath\impl">
      <UniqueIdentifier>{d5d3561c-a3b0-4e5a-be06-09a4f9c0dca3}</UniqueIdentifier>
    </Filter>
    <Filter Include="Header Files\model\structures">
      <UniqueIdentifier>{26007c2c-217d-4539-a380-e43c46624af9}</UniqueIdentifier>
    </Filter>
    <Filter Include="Header Files\interface">
      <UniqueIdentifier>{2fa36598-f9bd-45d7-b674-7020d57b8aab}</UniqueIdentifier>
    </Filter>
    <Filter Include="Source Files\model">
      <UniqueIdentifier>{e975408f-8be2-4d38-a048-0d988210a720}</UniqueIdentifier>
    </Filter>
    <Filter Include="Source Files\model\structures">
      <UniqueIdentifier>{942d2fda-0219-4964-887a-142f7da0ef0e}</UniqueIdentifier>
    </Filter>
    <Filter Include="Source Files\interface">
      <UniqueIdentifier>{22afaee8-11d9-43e1-ab46-92dc3ffb30fa}</UniqueIdentifier>
    </Filter>
    <Filter Include="Source Files\model\structures\matrix-graph">
      <UniqueIdentifier>{8106ad98-cc11-44f2-9f34-a167ac2d6220}</UniqueIdentifier>
    </Filter>
    <Filter Include="Source Files\model\structures\list-graph">
      <UniqueIdentifier>{6de15c51-a602-4a7c-b94f-dc314d804e29}</UniqueIdentifier>
    </Filter>
    <Filter Include="Header Files\model\structures\impl">
      <UniqueIdentifier>{f406abc0-2b57-4425-a7cc-805c22e121de}</UniqueIdentifier>
    </Filter>
    <Filter Include="Source Files\model\algorithms-MST">
      <UniqueIdentifier>{02332cd3-e244-47ff-8477-575847228224}</UniqueIdentifier>
    </Filter>
    <Filter Include="Header Files\model\structures\impl\other">
      <UniqueIdentifier>{bb6511f5-f9a0-490a-8ce0-1b9a44cec411}</UniqueIdentifier>
    </Filter>
    <Filter Include="Source Files\model\structures\other">
      <UniqueIdentifier>{07bf119a-aa3a-4f70-ac8d-28c72443ddb5}</UniqueIdentifier>
    </Filter>
    <Filter Include="Header Files\model\structures\impl\list-graph">
      <UniqueIdentifier>{e943264a-4233-4bb6-ab26-b08b61e05979}</UniqueIdentifier>
    </Filter>
    <Filter Include="Header Files\model\structures\impl\matrix-graph">
      <UniqueIdentifier>{4e436c4e-6da0-4945-b4d4-309896809be7}</UniqueIdentifier>
    </Filter>
    <Filter Include="Source Files\model\algorithms-SPath">
      <UniqueIdentifier>{d146e0ff-d702-4781-89ee-395b81c3c21f}</UniqueIdentifier>
    </Filter>
  </ItemGroup>
  <ItemGroup>
    <ClCompile Include="Source.cpp">
      <Filter>Source Files</Filter>
    </ClCompile>
    <ClCompile Include="CLInterfaceCommon.cpp">
      <Filter>Source Files\interface</Filter>
    </ClCompile>
    <ClCompile Include="DirectedMatrixGraph.cpp">
      <Filter>Source Files\model\structures\matrix-graph</Filter>
    </ClCompile>
    <ClCompile Include="DirectedListGraph.cpp">
      <Filter>Source Files\model\structures\list-graph</Filter>
    </ClCompile>
    <ClCompile Include="ListGraph.cpp">
      <Filter>Source Files\model\structures\list-graph</Filter>
    </ClCompile>
    <ClCompile Include="MSTKruskal.cpp">
      <Filter>Source Files\model\algorithms-MST</Filter>
    </ClCompile>
    <ClCompile Include="MSTPrim.cpp">
      <Filter>Source Files\model\algorithms-MST</Filter>
    </ClCompile>
    <ClCompile Include="MatrixGraph.cpp">
      <Filter>Source Files\model\structures\matrix-graph</Filter>
    </ClCompile>
    <ClCompile Include="DisjointSet.cpp">
      <Filter>Source Files\model\structures\other</Filter>
    </ClCompile>
    <ClCompile Include="GraphFileReader.cpp">
      <Filter>Source Files\helper</Filter>
    </ClCompile>
    <ClCompile Include="Timer.cpp">
      <Filter>Source Files\helper</Filter>
    </ClCompile>
    <ClCompile Include="MST.cpp">
      <Filter>Source Files\model\algorithms-MST</Filter>
    </ClCompile>
    <ClCompile Include="UndirectedListGraph.cpp">
      <Filter>Source Files\model\structures\list-graph</Filter>
    </ClCompile>
    <ClCompile Include="UndirectedMatrixGraph.cpp">
      <Filter>Source Files\model\structures\matrix-graph</Filter>
    </ClCompile>
    <ClCompile Include="AdjacencyList.cpp">
      <Filter>Source Files\model\structures\list-graph</Filter>
    </ClCompile>
    <ClCompile Include="MinimumHeap.cpp">
      <Filter>Source Files\model\structures\other</Filter>
    </ClCompile>
    <ClCompile Include="SPathDijkstra.cpp">
      <Filter>Source Files\model\algorithms-SPath</Filter>
    </ClCompile>
    <ClCompile Include="SPath.cpp">
      <Filter>Source Files\model\algorithms-SPath</Filter>
    </ClCompile>
    <ClCompile Include="MSTGraph.cpp">
      <Filter>Source Files\model\structures\other</Filter>
    </ClCompile>
  </ItemGroup>
  <ItemGroup>
    <ClInclude Include="GraphFileReader.h">
      <Filter>Header Files\helper</Filter>
    </ClInclude>
    <ClInclude Include="MST.h">
      <Filter>Header Files\model\algorithms-MST</Filter>
    </ClInclude>
    <ClInclude Include="SPath.h">
      <Filter>Header Files\model\algorithms-spath</Filter>
    </ClInclude>
    <ClInclude Include="SPathBellmanFord.h">
      <Filter>Header Files\model\algorithms-spath\impl</Filter>
    </ClInclude>
    <ClInclude Include="MSTPrim.h">
      <Filter>Header Files\model\algorithms-MST\impl</Filter>
    </ClInclude>
    <ClInclude Include="MSTKruskal.h">
      <Filter>Header Files\model\algorithms-MST\impl</Filter>
    </ClInclude>
    <ClInclude Include="CLInterface.h">
      <Filter>Header Files\interface</Filter>
    </ClInclude>
    <ClInclude Include="DirectedListGraph.h">
      <Filter>Header Files\model\structures\impl\list-graph</Filter>
    </ClInclude>
    <ClInclude Include="DirectedMatrixGraph.h">
      <Filter>Header Files\model\structures\impl\matrix-graph</Filter>
    </ClInclude>
    <ClInclude Include="Graph.h">
      <Filter>Header Files\model\structures</Filter>
    </ClInclude>
    <ClInclude Include="DisjointSet.h">
      <Filter>Header Files\model\structures\impl\other</Filter>
    </ClInclude>
    <ClInclude Include="Timer.h">
      <Filter>Header Files\helper</Filter>
    </ClInclude>
    <ClInclude Include="PerformanceTestingUtil.h">
      <Filter>Header Files\helper</Filter>
    </ClInclude>
    <ClInclude Include="Infinity.h">
      <Filter>Header Files</Filter>
    </ClInclude>
    <ClInclude Include="MSTGraph.h">
      <Filter>Header Files\model\structures\impl\other</Filter>
    </ClInclude>
    <ClInclude Include="UndirectedListGraph.h">
      <Filter>Header Files\model\structures\impl\list-graph</Filter>
    </ClInclude>
    <ClInclude Include="UndirectedMatrixGraph.h">
      <Filter>Header Files\model\structures\impl\matrix-graph</Filter>
    </ClInclude>
    <ClInclude Include="ListGraph.h">
      <Filter>Header Files\model\structures\impl\list-graph</Filter>
    </ClInclude>
    <ClInclude Include="MatrixGraph.h">
      <Filter>Header Files\model\structures\impl\matrix-graph</Filter>
    </ClInclude>
    <ClInclude Include="AdjacencyList.h">
      <Filter>Header Files\model\structures\impl\list-graph</Filter>
    </ClInclude>
    <ClInclude Include="Edge.h">
      <Filter>Header Files\model\structures\impl</Filter>
    </ClInclude>
    <ClInclude Include="HeapElement.h">
      <Filter>Header Files\model\structures\impl\other</Filter>
    </ClInclude>
    <ClInclude Include="MinimumHeap.h">
      <Filter>Header Files\model\structures\impl\other</Filter>
    </ClInclude>
    <ClInclude Include="DistanceNode.h">
      <Filter>Header Files\model\structures\impl\other</Filter>
    </ClInclude>
    <ClInclude Include="SPathDijkstra.h">
      <Filter>Header Files\model\algorithms-spath\impl</Filter>
    </ClInclude>
  </ItemGroup>
</Project>